
Microsoft Visual Studio Solution File, Format Version 12.00
# Visual Studio Version 17
VisualStudioVersion = 17.4.33205.214
MinimumVisualStudioVersion = 10.0.40219.1
Project("{FAE04EC0-301F-11D3-BF4B-00C04F79EFBC}") = "RedisDemo", "RedisDemo\RedisDemo.csproj", "{A7ADE2CB-307B-4651-AB11-97E1DF6ED1DB}"
EndProject
Global
	GlobalSection(SolutionConfigurationPlatforms) = preSolution
		Debug|Any CPU = Debug|Any CPU
		Release|Any CPU = Release|Any CPU
	EndGlobalSection
	GlobalSection(ProjectConfigurationPlatforms) = postSolution
		{A7ADE2CB-307B-4651-AB11-97E1DF6ED1DB}.Debug|Any CPU.ActiveCfg = Debug|Any CPU
		{A7ADE2CB-307B-4651-AB11-97E1DF6ED1DB}.Debug|Any CPU.Build.0 = Debug|Any CPU
		{A7ADE2CB-307B-4651-AB11-97E1DF6ED1DB}.Release|Any CPU.ActiveCfg = Release|Any CPU
		{A7ADE2CB-307B-4651-AB11-97E1DF6ED1DB}.Release|Any CPU.Build.0 = Release|Any CPU
	EndGlobalSection
	GlobalSection(SolutionProperties) = preSolution
		HideSolutionNode = FALSE
	EndGlobalSection
	GlobalSection(ExtensibilityGlobals) = postSolution
		SolutionGuid = {40A98D45-E25B-43A6-B55D-35E4806FD957}
	EndGlobalSection
EndGlobal
